dependencies:
  idf:
    component_hash: null
    source:
      type: idf
    version: 5.2.1
  protocol_examples_common:
    component_hash: null
    source:
      path: D:\Program\esp\v5.2.1\esp-idf\examples\common_components\protocol_examples_common
      type: local
    version: '*'
manifest_hash: 9e4f88d0b92cb21d6ba71a590c829860abba175225a06c766442a9d377cce798
target: esp32c3
version: 1.0.0
